// !$*UTF8*$!
{
	archiveVersion = 1;
	classes = {
	};
	objectVersion = 77;
	objects = {

/* Begin PBXBuildFile section */
		63A527A02DB50F840000D470 /* RxCocoa in Frameworks */ = {isa = PBXBuildFile; productRef = 63A5279F2DB50F840000D470 /* RxCocoa */; };
		63A527A22DB50F840000D470 /* RxSwift in Frameworks */ = {isa = PBXBuildFile; productRef = 63A527A12DB50F840000D470 /* RxSwift */; };
		63A527A52DB530B90000D470 /* Alamofire in Frameworks */ = {isa = PBXBuildFile; productRef = 63A527A42DB530B90000D470 /* Alamofire */; };
		96EDABC0C3356116CEFFD3D8 /* Pods_LinkedIn.framework in Frameworks */ = {isa = PBXBuildFile; fileRef = 62C9329F24DBE5F5A1814120 /* Pods_LinkedIn.framework */; };
/* End PBXBuildFile section */

/* Begin PBXContainerItemProxy section */
		631FAB052DB1519600CB7A65 /* PBXContainerItemProxy */ = {
			isa = PBXContainerItemProxy;
			containerPortal = 63C6A7502CF9FAA000A30197 /* Project object */;
			proxyType = 1;
			remoteGlobalIDString = 63C6A7572CF9FAA000A30197;
			remoteInfo = LinkedIn;
		};
/* End PBXContainerItemProxy section */

/* Begin PBXFileReference section */
		2EBE5491BEFE34D797806290 /* Pods-LinkedIn.debug.xcconfig */ = {isa = PBXFileReference; includeInIndex = 1; lastKnownFileType = text.xcconfig; name = "Pods-LinkedIn.debug.xcconfig"; path = "Target Support Files/Pods-LinkedIn/Pods-LinkedIn.debug.xcconfig"; sourceTree = "<group>"; };
		62C9329F24DBE5F5A1814120 /* Pods_LinkedIn.framework */ = {isa = PBXFileReference; explicitFileType = wrapper.framework; includeInIndex = 0; path = Pods_LinkedIn.framework; sourceTree = BUILT_PRODUCTS_DIR; };
		631FAAFF2DB1519600CB7A65 /* FullNavigationTest.xctest */ = {isa = PBXFileReference; explicitFileType = wrapper.cfbundle; includeInIndex = 0; path = FullNavigationTest.xctest; sourceTree = BUILT_PRODUCTS_DIR; };
		63C6A7582CF9FAA000A30197 /* LinkedIn.app */ = {isa = PBXFileReference; explicitFileType = wrapper.application; includeInIndex = 0; path = LinkedIn.app; sourceTree = BUILT_PRODUCTS_DIR; };
		8DF45E9EC4D7F8A085CCBCDA /* Pods-LinkedIn.release.xcconfig */ = {isa = PBXFileReference; includeInIndex = 1; lastKnownFileType = text.xcconfig; name = "Pods-LinkedIn.release.xcconfig"; path = "Target Support Files/Pods-LinkedIn/Pods-LinkedIn.release.xcconfig"; sourceTree = "<group>"; };
/* End PBXFileReference section */

/* Begin PBXFileSystemSynchronizedBuildFileExceptionSet section */
		63C6A76A2CF9FAA100A30197 /* Exceptions for "LinkedIn" folder in "LinkedIn" target */ = {
			isa = PBXFileSystemSynchronizedBuildFileExceptionSet;
			membershipExceptions = (
				Info.plist,
			);
			target = 63C6A7572CF9FAA000A30197 /* LinkedIn */;
		};
/* End PBXFileSystemSynchronizedBuildFileExceptionSet section */

/* Begin PBXFileSystemSynchronizedRootGroup section */
		631FAB002DB1519600CB7A65 /* FullNavigationTest */ = {
			isa = PBXFileSystemSynchronizedRootGroup;
			path = FullNavigationTest;
			sourceTree = "<group>";
		};
		63C6A75A2CF9FAA000A30197 /* LinkedIn */ = {
			isa = PBXFileSystemSynchronizedRootGroup;
			exceptions = (
				63C6A76A2CF9FAA100A30197 /* Exceptions for "LinkedIn" folder in "LinkedIn" target */,
			);
			path = LinkedIn;
			sourceTree = "<group>";
		};
/* End PBXFileSystemSynchronizedRootGroup section */

/* Begin PBXFrameworksBuildPhase section */
		631FAAFC2DB1519600CB7A65 /* Frameworks */ = {
			isa = PBXFrameworksBuildPhase;
			buildActionMask = 2147483647;
			files = (
			);
			runOnlyForDeploymentPostprocessing = 0;
		};
		63C6A7552CF9FAA000A30197 /* Frameworks */ = {
			isa = PBXFrameworksBuildPhase;
			buildActionMask = 2147483647;
			files = (
				63A527A22DB50F840000D470 /* RxSwift in Frameworks */,
				63A527A52DB530B90000D470 /* Alamofire in Frameworks */,
				63A527A02DB50F840000D470 /* RxCocoa in Frameworks */,
				96EDABC0C3356116CEFFD3D8 /* Pods_LinkedIn.framework in Frameworks */,
			);
			runOnlyForDeploymentPostprocessing = 0;
		};
/* End PBXFrameworksBuildPhase section */

/* Begin PBXGroup section */
		60FDFF53331086E54AF622AB /* Pods */ = {
			isa = PBXGroup;
			children = (
				2EBE5491BEFE34D797806290 /* Pods-LinkedIn.debug.xcconfig */,
				8DF45E9EC4D7F8A085CCBCDA /* Pods-LinkedIn.release.xcconfig */,
			);
			path = Pods;
			sourceTree = "<group>";
		};
		63C6A74F2CF9FAA000A30197 = {
			isa = PBXGroup;
			children = (
				63C6A75A2CF9FAA000A30197 /* LinkedIn */,
				631FAB002DB1519600CB7A65 /* FullNavigationTest */,
				63C6A7592CF9FAA000A30197 /* Products */,
				60FDFF53331086E54AF622AB /* Pods */,
				DD511B3B6807F0B52CE165E7 /* Frameworks */,
			);
			sourceTree = "<group>";
		};
		63C6A7592CF9FAA000A30197 /* Products */ = {
			isa = PBXGroup;
			children = (
				63C6A7582CF9FAA000A30197 /* LinkedIn.app */,
				631FAAFF2DB1519600CB7A65 /* FullNavigationTest.xctest */,
			);
			name = Products;
			sourceTree = "<group>";
		};
		DD511B3B6807F0B52CE165E7 /* Frameworks */ = {
			isa = PBXGroup;
			children = (
				62C9329F24DBE5F5A1814120 /* Pods_LinkedIn.framework */,
			);
			name = Frameworks;
			sourceTree = "<group>";
		};
/* End PBXGroup section */

/* Begin PBXNativeTarget section */
		631FAAFE2DB1519600CB7A65 /* FullNavigationTest */ = {
			isa = PBXNativeTarget;
			buildConfigurationList = 631FAB092DB1519600CB7A65 /* Build configuration list for PBXNativeTarget "FullNavigationTest" */;
			buildPhases = (
				631FAAFB2DB1519600CB7A65 /* Sources */,
				631FAAFC2DB1519600CB7A65 /* Frameworks */,
				631FAAFD2DB1519600CB7A65 /* Resources */,
			);
			buildRules = (
			);
			dependencies = (
				631FAB062DB1519600CB7A65 /* PBXTargetDependency */,
			);
			fileSystemSynchronizedGroups = (
				631FAB002DB1519600CB7A65 /* FullNavigationTest */,
			);
			name = FullNavigationTest;
			productName = FullNavigationTest;
			productReference = 631FAAFF2DB1519600CB7A65 /* FullNavigationTest.xctest */;
			productType = "com.apple.product-type.bundle.ui-testing";
		};
		63C6A7572CF9FAA000A30197 /* LinkedIn */ = {
			isa = PBXNativeTarget;
			buildConfigurationList = 63C6A76B2CF9FAA100A30197 /* Build configuration list for PBXNativeTarget "LinkedIn" */;
			buildPhases = (
				28F76A1FB2A23B6B738E79C9 /* [CP] Check Pods Manifest.lock */,
				63C6A7542CF9FAA000A30197 /* Sources */,
				63C6A7552CF9FAA000A30197 /* Frameworks */,
				63C6A7562CF9FAA000A30197 /* Resources */,
				BA74369CB5E7110D662EE39D /* [CP] Embed Pods Frameworks */,
			);
			buildRules = (
			);
			dependencies = (
			);
			fileSystemSynchronizedGroups = (
				63C6A75A2CF9FAA000A30197 /* LinkedIn */,
			);
			name = LinkedIn;
			productName = LinkedIn;
			productReference = 63C6A7582CF9FAA000A30197 /* LinkedIn.app */;
			productType = "com.apple.product-type.application";
		};
/* End PBXNativeTarget section */

/* Begin PBXProject section */
		63C6A7502CF9FAA000A30197 /* Project object */ = {
			isa = PBXProject;
			attributes = {
				BuildIndependentTargetsInParallel = 1;
				LastSwiftUpdateCheck = 1630;
				LastUpgradeCheck = 1600;
				TargetAttributes = {
					631FAAFE2DB1519600CB7A65 = {
						CreatedOnToolsVersion = 16.3;
						TestTargetID = 63C6A7572CF9FAA000A30197;
					};
					63C6A7572CF9FAA000A30197 = {
						CreatedOnToolsVersion = 16.0;
					};
				};
			};
			buildConfigurationList = 63C6A7532CF9FAA000A30197 /* Build configuration list for PBXProject "LinkedIn" */;
			developmentRegion = en;
			hasScannedForEncodings = 0;
			knownRegions = (
				en,
				Base,
			);
			mainGroup = 63C6A74F2CF9FAA000A30197;
			minimizedProjectReferenceProxies = 1;
			packageReferences = (
				63A5279E2DB50F840000D470 /* XCRemoteSwiftPackageReference "RxSwift" */,
				63A527A32DB530B90000D470 /* XCRemoteSwiftPackageReference "Alamofire" */,
			);
			preferredProjectObjectVersion = 77;
			productRefGroup = 63C6A7592CF9FAA000A30197 /* Products */;
			projectDirPath = "";
			projectRoot = "";
			targets = (
				63C6A7572CF9FAA000A30197 /* LinkedIn */,
				631FAAFE2DB1519600CB7A65 /* FullNavigationTest */,
			);
		};
/* End PBXProject section */

/* Begin PBXResourcesBuildPhase section */
		631FAAFD2DB1519600CB7A65 /* Resources */ = {
			isa = PBXResourcesBuildPhase;
			buildActionMask = 2147483647;
			files = (
			);
			runOnlyForDeploymentPostprocessing = 0;
		};
		63C6A7562CF9FAA000A30197 /* Resources */ = {
			isa = PBXResourcesBuildPhase;
			buildActionMask = 2147483647;
			files = (
			);
			runOnlyForDeploymentPostprocessing = 0;
		};
/* End PBXResourcesBuildPhase section */

/* Begin PBXShellScriptBuildPhase section */
		28F76A1FB2A23B6B738E79C9 /* [CP] Check Pods Manifest.lock */ = {
			isa = PBXShellScriptBuildPhase;
			buildActionMask = 2147483647;
			files = (
			);
			inputFileListPaths = (
			);
			inputPaths = (
				"${PODS_PODFILE_DIR_PATH}/Podfile.lock",
				"${PODS_ROOT}/Manifest.lock",
			);
			name = "[CP] Check Pods Manifest.lock";
			outputFileListPaths = (
			);
			outputPaths = (
				"$(DERIVED_FILE_DIR)/Pods-LinkedIn-checkManifestLockResult.txt",
			);
			runOnlyForDeploymentPostprocessing = 0;
			shellPath = /bin/sh;
			shellScript = "diff \"${PODS_PODFILE_DIR_PATH}/Podfile.lock\" \"${PODS_ROOT}/Manifest.lock\" > /dev/null\nif [ $? != 0 ] ; then\n    # print error to STDERR\n    echo \"error: The sandbox is not in sync with the Podfile.lock. Run 'pod install' or update your CocoaPods installation.\" >&2\n    exit 1\nfi\n# This output is used by Xcode 'outputs' to avoid re-running this script phase.\necho \"SUCCESS\" > \"${SCRIPT_OUTPUT_FILE_0}\"\n";
			showEnvVarsInLog = 0;
		};
		BA74369CB5E7110D662EE39D /* [CP] Embed Pods Frameworks */ = {
			isa = PBXShellScriptBuildPhase;
			buildActionMask = 2147483647;
			files = (
			);
			inputFileListPaths = (
				"${PODS_ROOT}/Target Support Files/Pods-LinkedIn/Pods-LinkedIn-frameworks-${CONFIGURATION}-input-files.xcfilelist",
			);
			inputPaths = (
			);
			name = "[CP] Embed Pods Frameworks";
			outputFileListPaths = (
				"${PODS_ROOT}/Target Support Files/Pods-LinkedIn/Pods-LinkedIn-frameworks-${CONFIGURATION}-output-files.xcfilelist",
			);
			outputPaths = (
			);
			runOnlyForDeploymentPostprocessing = 0;
			shellPath = /bin/sh;
			shellScript = "\"${PODS_ROOT}/Target Support Files/Pods-LinkedIn/Pods-LinkedIn-frameworks.sh\"\n";
			showEnvVarsInLog = 0;
		};
/* End PBXShellScriptBuildPhase section */

/* Begin PBXSourcesBuildPhase section */
		631FAAFB2DB1519600CB7A65 /* Sources */ = {
			isa = PBXSourcesBuildPhase;
			buildActionMask = 2147483647;
			files = (
			);
			runOnlyForDeploymentPostprocessing = 0;
		};
		63C6A7542CF9FAA000A30197 /* Sources */ = {
			isa = PBXSourcesBuildPhase;
			buildActionMask = 2147483647;
			files = (
			);
			runOnlyForDeploymentPostprocessing = 0;
		};
/* End PBXSourcesBuildPhase section */

/* Begin PBXTargetDependency section */
		631FAB062DB1519600CB7A65 /* PBXTargetDependency */ = {
			isa = PBXTargetDependency;
			target = 63C6A7572CF9FAA000A30197 /* LinkedIn */;
			targetProxy = 631FAB052DB1519600CB7A65 /* PBXContainerItemProxy */;
		};
/* End PBXTargetDependency section */

/* Begin XCBuildConfiguration section */
		631FAB072DB1519600CB7A65 /* Debug */ = {
			isa = XCBuildConfiguration;
			buildSettings = {
				CODE_SIGN_STYLE = Automatic;
				CURRENT_PROJECT_VERSION = 1;
				DEVELOPMENT_TEAM = PF3BM28855;
				GENERATE_INFOPLIST_FILE = YES;
				IPHONEOS_DEPLOYMENT_TARGET = 18.4;
				MARKETING_VERSION = 1.0;
				PRODUCT_BUNDLE_IDENTIFIER = pelinustunel.FullNavigationTest;
				PRODUCT_NAME = "$(TARGET_NAME)";
				SWIFT_EMIT_LOC_STRINGS = NO;
				SWIFT_VERSION = 5.0;
				TARGETED_DEVICE_FAMILY = "1,2";
				TEST_TARGET_NAME = LinkedIn;
			};
			name = Debug;
		};
		631FAB082DB1519600CB7A65 /* Release */ = {
			isa = XCBuildConfiguration;
			buildSettings = {
				CODE_SIGN_STYLE = Automatic;
				CURRENT_PROJECT_VERSION = 1;
				DEVELOPMENT_TEAM = PF3BM28855;
				GENERATE_INFOPLIST_FILE = YES;
				IPHONEOS_DEPLOYMENT_TARGET = 18.4;
				MARKETING_VERSION = 1.0;
				PRODUCT_BUNDLE_IDENTIFIER = pelinustunel.FullNavigationTest;
				PRODUCT_NAME = "$(TARGET_NAME)";
				SWIFT_EMIT_LOC_STRINGS = NO;
				SWIFT_VERSION = 5.0;
				TARGETED_DEVICE_FAMILY = "1,2";
				TEST_TARGET_NAME = LinkedIn;
			};
			name = Release;
		};
		63C6A76C2CF9FAA100A30197 /* Debug */ = {
			isa = XCBuildConfiguration;
			baseConfigurationReference = 2EBE5491BEFE34D797806290 /* Pods-LinkedIn.debug.xcconfig */;
			buildSettings = {
				ASSETCATALOG_COMPILER_APPICON_NAME = AppIcon;
				ASSETCATALOG_COMPILER_GLOBAL_ACCENT_COLOR_NAME = AccentColor;
				CODE_SIGN_STYLE = Automatic;
				CURRENT_PROJECT_VERSION = 1;
				DEVELOPMENT_TEAM = PF3BM28855;
				ENABLE_USER_SCRIPT_SANDBOXING = NO;
				GENERATE_INFOPLIST_FILE = YES;
				INFOPLIST_FILE = LinkedIn/Info.plist;
				INFOPLIST_KEY_UIApplicationSupportsIndirectInputEvents = YES;
				INFOPLIST_KEY_UILaunchStoryboardName = LaunchScreen;
				INFOPLIST_KEY_UISupportedInterfaceOrientations_iPad = "UIInterfaceOrientationPortrait UIInterfaceOrientationPortraitUpsideDown UIInterfaceOrientationLandscapeLeft UIInterfaceOrientationLandscapeRight";
				INFOPLIST_KEY_UISupportedInterfaceOrientations_iPhone = "UIInterfaceOrientationPortrait UIInterfaceOrientationLandscapeLeft UIInterfaceOrientationLandscapeRight";
				LD_RUNPATH_SEARCH_PATHS = (
					"$(inherited)",
					"@executable_path/Frameworks",
				);
				MARKETING_VERSION = 1.0;
				PRODUCT_BUNDLE_IDENTIFIER = pelinustunel.LinkedIn;
				PRODUCT_NAME = "$(TARGET_NAME)";
				SWIFT_EMIT_LOC_STRINGS = YES;
				SWIFT_VERSION = 5.0;
				TARGETED_DEVICE_FAMILY = "1,2";
			};
			name = Debug;
		};
		63C6A76D2CF9FAA100A30197 /* Release */ = {
			isa = XCBuildConfiguration;
			baseConfigurationReference = 8DF45E9EC4D7F8A085CCBCDA /* Pods-LinkedIn.release.xcconfig */;
			buildSettings = {
				ASSETCATALOG_COMPILER_APPICON_NAME = AppIcon;
				ASSETCATALOG_COMPILER_GLOBAL_ACCENT_COLOR_NAME = AccentColor;
				CODE_SIGN_STYLE = Automatic;
				CURRENT_PROJECT_VERSION = 1;
				DEVELOPMENT_TEAM = PF3BM28855;
				ENABLE_USER_SCRIPT_SANDBOXING = NO;
				GENERATE_INFOPLIST_FILE = YES;
				INFOPLIST_FILE = LinkedIn/Info.plist;
				INFOPLIST_KEY_UIApplicationSupportsIndirectInputEvents = YES;
				INFOPLIST_KEY_UILaunchStoryboardName = LaunchScreen;
				INFOPLIST_KEY_UISupportedInterfaceOrientations_iPad = "UIInterfaceOrientationPortrait UIInterfaceOrientationPortraitUpsideDown UIInterfaceOrientationLandscapeLeft UIInterfaceOrientationLandscapeRight";
				INFOPLIST_KEY_UISupportedInterfaceOrientations_iPhone = "UIInterfaceOrientationPortrait UIInterfaceOrientationLandscapeLeft UIInterfaceOrientationLandscapeRight";
				LD_RUNPATH_SEARCH_PATHS = (
					"$(inherited)",
					"@executable_path/Frameworks",
				);
				MARKETING_VERSION = 1.0;
				PRODUCT_BUNDLE_IDENTIFIER = pelinustunel.LinkedIn;
				PRODUCT_NAME = "$(TARGET_NAME)";
				SWIFT_EMIT_LOC_STRINGS = YES;
				SWIFT_VERSION = 5.0;
				TARGETED_DEVICE_FAMILY = "1,2";
			};
			name = Release;
		};
		63C6A76E2CF9FAA100A30197 /* Debug */ = {
			isa = XCBuildConfiguration;
			buildSettings = {
				ALWAYS_SEARCH_USER_PATHS = NO;
				ASSETCATALOG_COMPILER_GENERATE_SWIFT_ASSET_SYMBOL_EXTENSIONS = YES;
				CLANG_ANALYZER_NONNULL = YES;
				CLANG_ANALYZER_NUMBER_OBJECT_CONVERSION = YES_AGGRESSIVE;
				CLANG_CXX_LANGUAGE_STANDARD = "gnu++20";
				CLANG_ENABLE_MODULES = YES;
				CLANG_ENABLE_OBJC_ARC = YES;
				CLANG_ENABLE_OBJC_WEAK = YES;
				CLANG_WARN_BLOCK_CAPTURE_AUTORELEASING = YES;
				CLANG_WARN_BOOL_CONVERSION = YES;
				CLANG_WARN_COMMA = YES;
				CLANG_WARN_CONSTANT_CONVERSION = YES;
				CLANG_WARN_DEPRECATED_OBJC_IMPLEMENTATIONS = YES;
				CLANG_WARN_DIRECT_OBJC_ISA_USAGE = YES_ERROR;
				CLANG_WARN_DOCUMENTATION_COMMENTS = YES;
				CLANG_WARN_EMPTY_BODY = YES;
				CLANG_WARN_ENUM_CONVERSION = YES;
				CLANG_WARN_INFINITE_RECURSION = YES;
				CLANG_WARN_INT_CONVERSION = YES;
				CLANG_WARN_NON_LITERAL_NULL_CONVERSION = YES;
				CLANG_WARN_OBJC_IMPLICIT_RETAIN_SELF = YES;
				CLANG_WARN_OBJC_LITERAL_CONVERSION = YES;
				CLANG_WARN_OBJC_ROOT_CLASS = YES_ERROR;
				CLANG_WARN_QUOTED_INCLUDE_IN_FRAMEWORK_HEADER = YES;
				CLANG_WARN_RANGE_LOOP_ANALYSIS = YES;
				CLANG_WARN_STRICT_PROTOTYPES = YES;
				CLANG_WARN_SUSPICIOUS_MOVE = YES;
				CLANG_WARN_UNGUARDED_AVAILABILITY = YES_AGGRESSIVE;
				CLANG_WARN_UNREACHABLE_CODE = YES;
				CLANG_WARN__DUPLICATE_METHOD_MATCH = YES;
				COPY_PHASE_STRIP = NO;
				DEBUG_INFORMATION_FORMAT = dwarf;
				ENABLE_STRICT_OBJC_MSGSEND = YES;
				ENABLE_TESTABILITY = YES;
				ENABLE_USER_SCRIPT_SANDBOXING = YES;
				GCC_C_LANGUAGE_STANDARD = gnu17;
				GCC_DYNAMIC_NO_PIC = NO;
				GCC_NO_COMMON_BLOCKS = YES;
				GCC_OPTIMIZATION_LEVEL = 0;
				GCC_PREPROCESSOR_DEFINITIONS = (
					"DEBUG=1",
					"$(inherited)",
				);
				GCC_WARN_64_TO_32_BIT_CONVERSION = YES;
				GCC_WARN_ABOUT_RETURN_TYPE = YES_ERROR;
				GCC_WARN_UNDECLARED_SELECTOR = YES;
				GCC_WARN_UNINITIALIZED_AUTOS = YES_AGGRESSIVE;
				GCC_WARN_UNUSED_FUNCTION = YES;
				GCC_WARN_UNUSED_VARIABLE = YES;
				IPHONEOS_DEPLOYMENT_TARGET = 18.0;
				LOCALIZATION_PREFERS_STRING_CATALOGS = YES;
				MTL_ENABLE_DEBUG_INFO = INCLUDE_SOURCE;
				MTL_FAST_MATH = YES;
				ONLY_ACTIVE_ARCH = YES;
				SDKROOT = iphoneos;
				SWIFT_ACTIVE_COMPILATION_CONDITIONS = "DEBUG $(inherited)";
				SWIFT_OPTIMIZATION_LEVEL = "-Onone";
			};
			name = Debug;
		};
		63C6A76F2CF9FAA100A30197 /* Release */ = {
			isa = XCBuildConfiguration;
			buildSettings = {
				ALWAYS_SEARCH_USER_PATHS = NO;
				ASSETCATALOG_COMPILER_GENERATE_SWIFT_ASSET_SYMBOL_EXTENSIONS = YES;
				CLANG_ANALYZER_NONNULL = YES;
				CLANG_ANALYZER_NUMBER_OBJECT_CONVERSION = YES_AGGRESSIVE;
				CLANG_CXX_LANGUAGE_STANDARD = "gnu++20";
				CLANG_ENABLE_MODULES = YES;
				CLANG_ENABLE_OBJC_ARC = YES;
				CLANG_ENABLE_OBJC_WEAK = YES;
				CLANG_WARN_BLOCK_CAPTURE_AUTORELEASING = YES;
				CLANG_WARN_BOOL_CONVERSION = YES;
				CLANG_WARN_COMMA = YES;
				CLANG_WARN_CONSTANT_CONVERSION = YES;
				CLANG_WARN_DEPRECATED_OBJC_IMPLEMENTATIONS = YES;
				CLANG_WARN_DIRECT_OBJC_ISA_USAGE = YES_ERROR;
				CLANG_WARN_DOCUMENTATION_COMMENTS = YES;
				CLANG_WARN_EMPTY_BODY = YES;
				CLANG_WARN_ENUM_CONVERSION = YES;
				CLANG_WARN_INFINITE_RECURSION = YES;
				CLANG_WARN_INT_CONVERSION = YES;
				CLANG_WARN_NON_LITERAL_NULL_CONVERSION = YES;
				CLANG_WARN_OBJC_IMPLICIT_RETAIN_SELF = YES;
				CLANG_WARN_OBJC_LITERAL_CONVERSION = YES;
				CLANG_WARN_OBJC_ROOT_CLASS = YES_ERROR;
				CLANG_WARN_QUOTED_INCLUDE_IN_FRAMEWORK_HEADER = YES;
				CLANG_WARN_RANGE_LOOP_ANALYSIS = YES;
				CLANG_WARN_STRICT_PROTOTYPES = YES;
				CLANG_WARN_SUSPICIOUS_MOVE = YES;
				CLANG_WARN_UNGUARDED_AVAILABILITY = YES_AGGRESSIVE;
				CLANG_WARN_UNREACHABLE_CODE = YES;
				CLANG_WARN__DUPLICATE_METHOD_MATCH = YES;
				COPY_PHASE_STRIP = NO;
				DEBUG_INFORMATION_FORMAT = "dwarf-with-dsym";
				ENABLE_NS_ASSERTIONS = NO;
				ENABLE_STRICT_OBJC_MSGSEND = YES;
				ENABLE_USER_SCRIPT_SANDBOXING = YES;
				GCC_C_LANGUAGE_STANDARD = gnu17;
				GCC_NO_COMMON_BLOCKS = YES;
				GCC_WARN_64_TO_32_BIT_CONVERSION = YES;
				GCC_WARN_ABOUT_RETURN_TYPE = YES_ERROR;
				GCC_WARN_UNDECLARED_SELECTOR = YES;
				GCC_WARN_UNINITIALIZED_AUTOS = YES_AGGRESSIVE;
				GCC_WARN_UNUSED_FUNCTION = YES;
				GCC_WARN_UNUSED_VARIABLE = YES;
				IPHONEOS_DEPLOYMENT_TARGET = 18.0;
				LOCALIZATION_PREFERS_STRING_CATALOGS = YES;
				MTL_ENABLE_DEBUG_INFO = NO;
				MTL_FAST_MATH = YES;
				SDKROOT = iphoneos;
				SWIFT_COMPILATION_MODE = wholemodule;
				VALIDATE_PRODUCT = YES;
			};
			name = Release;
		};
/* End XCBuildConfiguration section */

/* Begin XCConfigurationList section */
		631FAB092DB1519600CB7A65 /* Build configuration list for PBXNativeTarget "FullNavigationTest" */ = {
			isa = XCConfigurationList;
			buildConfigurations = (
				631FAB072DB1519600CB7A65 /* Debug */,
				631FAB082DB1519600CB7A65 /* Release */,
			);
			defaultConfigurationIsVisible = 0;
			defaultConfigurationName = Release;
		};
		63C6A7532CF9FAA000A30197 /* Build configuration list for PBXProject "LinkedIn" */ = {
			isa = XCConfigurationList;
			buildConfigurations = (
				63C6A76E2CF9FAA100A30197 /* Debug */,
				63C6A76F2CF9FAA100A30197 /* Release */,
			);
			defaultConfigurationIsVisible = 0;
			defaultConfigurationName = Release;
		};
		63C6A76B2CF9FAA100A30197 /* Build configuration list for PBXNativeTarget "LinkedIn" */ = {
			isa = XCConfigurationList;
			buildConfigurations = (
				63C6A76C2CF9FAA100A30197 /* Debug */,
				63C6A76D2CF9FAA100A30197 /* Release */,
			);
			defaultConfigurationIsVisible = 0;
			defaultConfigurationName = Release;
		};
/* End XCConfigurationList section */

/* Begin XCRemoteSwiftPackageReference section */
		63A5279E2DB50F840000D470 /* XCRemoteSwiftPackageReference "RxSwift" */ = {
			isa = XCRemoteSwiftPackageReference;
			repositoryURL = "https://github.com/ReactiveX/RxSwift.git";
			requirement = {
				kind = upToNextMajorVersion;
				minimumVersion = 6.9.0;
			};
		};
		63A527A32DB530B90000D470 /* XCRemoteSwiftPackageReference "Alamofire" */ = {
			isa = XCRemoteSwiftPackageReference;
			repositoryURL = "https://github.com/Alamofire/Alamofire.git";
			requirement = {
				kind = upToNextMajorVersion;
				minimumVersion = 5.10.2;
			};
		};
/* End XCRemoteSwiftPackageReference section */

/* Begin XCSwiftPackageProductDependency section */
		63A5279F2DB50F840000D470 /* RxCocoa */ = {
			isa = XCSwiftPackageProductDependency;
			package = 63A5279E2DB50F840000D470 /* XCRemoteSwiftPackageReference "RxSwift" */;
			productName = RxCocoa;
		};
		63A527A12DB50F840000D470 /* RxSwift */ = {
			isa = XCSwiftPackageProductDependency;
			package = 63A5279E2DB50F840000D470 /* XCRemoteSwiftPackageReference "RxSwift" */;
			productName = RxSwift;
		};
		63A527A42DB530B90000D470 /* Alamofire */ = {
			isa = XCSwiftPackageProductDependency;
			package = 63A527A32DB530B90000D470 /* XCRemoteSwiftPackageReference "Alamofire" */;
			productName = Alamofire;
		};
/* End XCSwiftPackageProductDependency section */
	};
	rootObject = 63C6A7502CF9FAA000A30197 /* Project object */;
}
